
Microsoft Visual Studio Solution File, Format Version 12.00
# Visual Studio Version 17
VisualStudioVersion = 17.5.33530.505
MinimumVisualStudioVersion = 10.0.40219.1
Project("{2150E333-8FDC-42A3-9474-1A3956D46DE8}") = "src", "src", "{897BF6FB-AC6C-4258-AE0B-0420641E0244}"
EndProject
Project("{9A19103F-16F7-4668-BE54-9A1E7A4F7556}") = "ShelfApi.Domain", "src\ShelfApi.Domain\ShelfApi.Domain.csproj", "{11E16607-0873-4097-AABA-F6E8F50F9AEF}"
EndProject
Project("{9A19103F-16F7-4668-BE54-9A1E7A4F7556}") = "ShelfApi.Application", "src\ShelfApi.Application\ShelfApi.Application.csproj", "{4B2182A2-C282-473D-B7BE-71119BF936BD}"
EndProject
Project("{9A19103F-16F7-4668-BE54-9A1E7A4F7556}") = "ShelfApi.Infrastructure", "src\ShelfApi.Infrastructure\ShelfApi.Infrastructure.csproj", "{DE2F676D-A16A-414B-9D72-64A987BA41F7}"
EndProject
Project("{9A19103F-16F7-4668-BE54-9A1E7A4F7556}") = "ShelfApi.Presentation", "src\ShelfApi.Presentation\ShelfApi.Presentation.csproj", "{08EECFE3-C5A3-4D34-920D-80961D360240}"
EndProject
Project("{2150E333-8FDC-42A3-9474-1A3956D46DE8}") = "Solution Items", "Solution Items", "{B67CF9BF-C292-41AF-AE35-803704109AE4}"
	ProjectSection(SolutionItems) = preProject
		.gitignore = .gitignore
		README.md = README.md
	EndProjectSection
EndProject
Project("{9A19103F-16F7-4668-BE54-9A1E7A4F7556}") = "Bitiano.Shared", "src\Bitiano.Shared\Bitiano.Shared.csproj", "{3E0FAC22-F6F6-4F82-9532-DC7D361C4763}"
EndProject
Project("{2150E333-8FDC-42A3-9474-1A3956D46DE8}") = "Modules", "Modules", "{D30B6C06-E762-4E70-863D-47774DECC3B0}"
EndProject
Project("{2150E333-8FDC-42A3-9474-1A3956D46DE8}") = "Identity", "Identity", "{47C4CE37-AC85-4232-A9B0-86F45ECF964D}"
EndProject
Project("{FAE04EC0-301F-11D3-BF4B-00C04F79EFBC}") = "Identity.Application", "src\Modules\Identity\Identity.Application\Identity.Application.csproj", "{64F35160-E79C-43F2-BD7D-2A3A6DBA237B}"
EndProject
Project("{FAE04EC0-301F-11D3-BF4B-00C04F79EFBC}") = "Identity.Infrastructure", "src\Modules\Identity\Identity.Infrastructure\Identity.Infrastructure.csproj", "{39CAD2ED-D3AE-422B-964E-CA14CE620A40}"
EndProject
Project("{FAE04EC0-301F-11D3-BF4B-00C04F79EFBC}") = "Identity.Domain", "src\Modules\Identity\Identity.Domain\Identity.Domain.csproj", "{F9CDA21D-2889-4D02-A9AA-4CB00F81BA90}"
EndProject
Project("{FAE04EC0-301F-11D3-BF4B-00C04F79EFBC}") = "Identity.Contracts", "src\Modules\Identity\Identity.Contracts\Identity.Contracts.csproj", "{A73BAD79-C696-4C5F-80FE-809DDE5AB90E}"
EndProject
Project("{2150E333-8FDC-42A3-9474-1A3956D46DE8}") = "Shared", "Shared", "{26BB1A9F-9326-4716-8C51-99C97B0563D8}"
EndProject
Project("{FAE04EC0-301F-11D3-BF4B-00C04F79EFBC}") = "ShelfApi.Shared.Common", "src\Shared\ShelfApi.Shared.Common\ShelfApi.Shared.Common.csproj", "{4E01793B-B582-4ECB-B6F8-D154193C7E20}"
EndProject
Global
	GlobalSection(SolutionConfigurationPlatforms) = preSolution
		Debug|Any CPU = Debug|Any CPU
		Release|Any CPU = Release|Any CPU
	EndGlobalSection
	GlobalSection(ProjectConfigurationPlatforms) = postSolution
		{11E16607-0873-4097-AABA-F6E8F50F9AEF}.Debug|Any CPU.ActiveCfg = Debug|Any CPU
		{11E16607-0873-4097-AABA-F6E8F50F9AEF}.Debug|Any CPU.Build.0 = Debug|Any CPU
		{11E16607-0873-4097-AABA-F6E8F50F9AEF}.Release|Any CPU.ActiveCfg = Release|Any CPU
		{11E16607-0873-4097-AABA-F6E8F50F9AEF}.Release|Any CPU.Build.0 = Release|Any CPU
		{4B2182A2-C282-473D-B7BE-71119BF936BD}.Debug|Any CPU.ActiveCfg = Debug|Any CPU
		{4B2182A2-C282-473D-B7BE-71119BF936BD}.Debug|Any CPU.Build.0 = Debug|Any CPU
		{4B2182A2-C282-473D-B7BE-71119BF936BD}.Release|Any CPU.ActiveCfg = Release|Any CPU
		{4B2182A2-C282-473D-B7BE-71119BF936BD}.Release|Any CPU.Build.0 = Release|Any CPU
		{DE2F676D-A16A-414B-9D72-64A987BA41F7}.Debug|Any CPU.ActiveCfg = Debug|Any CPU
		{DE2F676D-A16A-414B-9D72-64A987BA41F7}.Debug|Any CPU.Build.0 = Debug|Any CPU
		{DE2F676D-A16A-414B-9D72-64A987BA41F7}.Release|Any CPU.ActiveCfg = Release|Any CPU
		{DE2F676D-A16A-414B-9D72-64A987BA41F7}.Release|Any CPU.Build.0 = Release|Any CPU
		{08EECFE3-C5A3-4D34-920D-80961D360240}.Debug|Any CPU.ActiveCfg = Debug|Any CPU
		{08EECFE3-C5A3-4D34-920D-80961D360240}.Debug|Any CPU.Build.0 = Debug|Any CPU
		{08EECFE3-C5A3-4D34-920D-80961D360240}.Release|Any CPU.ActiveCfg = Release|Any CPU
		{08EECFE3-C5A3-4D34-920D-80961D360240}.Release|Any CPU.Build.0 = Release|Any CPU
		{3E0FAC22-F6F6-4F82-9532-DC7D361C4763}.Debug|Any CPU.ActiveCfg = Debug|Any CPU
		{3E0FAC22-F6F6-4F82-9532-DC7D361C4763}.Debug|Any CPU.Build.0 = Debug|Any CPU
		{3E0FAC22-F6F6-4F82-9532-DC7D361C4763}.Release|Any CPU.ActiveCfg = Release|Any CPU
		{3E0FAC22-F6F6-4F82-9532-DC7D361C4763}.Release|Any CPU.Build.0 = Release|Any CPU
		{64F35160-E79C-43F2-BD7D-2A3A6DBA237B}.Debug|Any CPU.ActiveCfg = Debug|Any CPU
		{64F35160-E79C-43F2-BD7D-2A3A6DBA237B}.Debug|Any CPU.Build.0 = Debug|Any CPU
		{64F35160-E79C-43F2-BD7D-2A3A6DBA237B}.Release|Any CPU.ActiveCfg = Release|Any CPU
		{64F35160-E79C-43F2-BD7D-2A3A6DBA237B}.Release|Any CPU.Build.0 = Release|Any CPU
		{39CAD2ED-D3AE-422B-964E-CA14CE620A40}.Debug|Any CPU.ActiveCfg = Debug|Any CPU
		{39CAD2ED-D3AE-422B-964E-CA14CE620A40}.Debug|Any CPU.Build.0 = Debug|Any CPU
		{39CAD2ED-D3AE-422B-964E-CA14CE620A40}.Release|Any CPU.ActiveCfg = Release|Any CPU
		{39CAD2ED-D3AE-422B-964E-CA14CE620A40}.Release|Any CPU.Build.0 = Release|Any CPU
		{F9CDA21D-2889-4D02-A9AA-4CB00F81BA90}.Debug|Any CPU.ActiveCfg = Debug|Any CPU
		{F9CDA21D-2889-4D02-A9AA-4CB00F81BA90}.Debug|Any CPU.Build.0 = Debug|Any CPU
		{F9CDA21D-2889-4D02-A9AA-4CB00F81BA90}.Release|Any CPU.ActiveCfg = Release|Any CPU
		{F9CDA21D-2889-4D02-A9AA-4CB00F81BA90}.Release|Any CPU.Build.0 = Release|Any CPU
		{A73BAD79-C696-4C5F-80FE-809DDE5AB90E}.Debug|Any CPU.ActiveCfg = Debug|Any CPU
		{A73BAD79-C696-4C5F-80FE-809DDE5AB90E}.Debug|Any CPU.Build.0 = Debug|Any CPU
		{A73BAD79-C696-4C5F-80FE-809DDE5AB90E}.Release|Any CPU.ActiveCfg = Release|Any CPU
		{A73BAD79-C696-4C5F-80FE-809DDE5AB90E}.Release|Any CPU.Build.0 = Release|Any CPU
		{4E01793B-B582-4ECB-B6F8-D154193C7E20}.Debug|Any CPU.ActiveCfg = Debug|Any CPU
		{4E01793B-B582-4ECB-B6F8-D154193C7E20}.Debug|Any CPU.Build.0 = Debug|Any CPU
		{4E01793B-B582-4ECB-B6F8-D154193C7E20}.Release|Any CPU.ActiveCfg = Release|Any CPU
		{4E01793B-B582-4ECB-B6F8-D154193C7E20}.Release|Any CPU.Build.0 = Release|Any CPU
	EndGlobalSection
	GlobalSection(SolutionProperties) = preSolution
		HideSolutionNode = FALSE
	EndGlobalSection
	GlobalSection(NestedProjects) = preSolution
		{11E16607-0873-4097-AABA-F6E8F50F9AEF} = {897BF6FB-AC6C-4258-AE0B-0420641E0244}
		{4B2182A2-C282-473D-B7BE-71119BF936BD} = {897BF6FB-AC6C-4258-AE0B-0420641E0244}
		{DE2F676D-A16A-414B-9D72-64A987BA41F7} = {897BF6FB-AC6C-4258-AE0B-0420641E0244}
		{08EECFE3-C5A3-4D34-920D-80961D360240} = {897BF6FB-AC6C-4258-AE0B-0420641E0244}
		{3E0FAC22-F6F6-4F82-9532-DC7D361C4763} = {897BF6FB-AC6C-4258-AE0B-0420641E0244}
		{D30B6C06-E762-4E70-863D-47774DECC3B0} = {897BF6FB-AC6C-4258-AE0B-0420641E0244}
		{47C4CE37-AC85-4232-A9B0-86F45ECF964D} = {D30B6C06-E762-4E70-863D-47774DECC3B0}
		{64F35160-E79C-43F2-BD7D-2A3A6DBA237B} = {47C4CE37-AC85-4232-A9B0-86F45ECF964D}
		{39CAD2ED-D3AE-422B-964E-CA14CE620A40} = {47C4CE37-AC85-4232-A9B0-86F45ECF964D}
		{F9CDA21D-2889-4D02-A9AA-4CB00F81BA90} = {47C4CE37-AC85-4232-A9B0-86F45ECF964D}
		{A73BAD79-C696-4C5F-80FE-809DDE5AB90E} = {47C4CE37-AC85-4232-A9B0-86F45ECF964D}
		{26BB1A9F-9326-4716-8C51-99C97B0563D8} = {897BF6FB-AC6C-4258-AE0B-0420641E0244}
		{4E01793B-B582-4ECB-B6F8-D154193C7E20} = {26BB1A9F-9326-4716-8C51-99C97B0563D8}
	EndGlobalSection
	GlobalSection(ExtensibilityGlobals) = postSolution
		SolutionGuid = {F7F53295-1D00-4BAA-AC0D-B71E49FB1272}
	EndGlobalSection
EndGlobal
